
Microsoft Visual Studio Solution File, Format Version 12.00
# Visual Studio Version 17
VisualStudioVersion = 17.3.32929.385
MinimumVisualStudioVersion = 10.0.40219.1
Project("{9A19103F-16F7-4668-BE54-9A1E7A4F7556}") = "HynusWynus", "HynusWynus\HynusWynus.csproj", "{C7305107-EF32-4351-9595-C13069E922D7}"
EndProject
Project("{2150E333-8FDC-42A3-9474-1A3956D46DE8}") = "Solution Items", "Solution Items", "{776D7251-BEDD-4E33-B720-285674995C1E}"
	ProjectSection(SolutionItems) = preProject
		.editorconfig = .editorconfig
		README.md = README.md
	EndProjectSection
EndProject
Project("{9A19103F-16F7-4668-BE54-9A1E7A4F7556}") = "PayloadPrep", "PayloadPrep\PayloadPrep.csproj", "{FD8B1284-63BB-472E-9EAD-2A42D973F6D8}"
EndProject
Project("{9A19103F-16F7-4668-BE54-9A1E7A4F7556}") = "HynusWynusModdingAPI", "HynusWynusModdingAPI\HynusWynusModdingAPI.csproj", "{A820BB38-05FF-4275-8FF4-2A1DC643A3EA}"
EndProject
Project("{9A19103F-16F7-4668-BE54-9A1E7A4F7556}") = "HW Modding Test", "HW_TEST\HW_TEST\HW Modding Test.csproj", "{14D6E0FC-E0EE-40AA-82A5-585D126AF360}"
EndProject
Global
	GlobalSection(SolutionConfigurationPlatforms) = preSolution
		Debug|Any CPU = Debug|Any CPU
		Debug|x64 = Debug|x64
		Release|Any CPU = Release|Any CPU
		Release|x64 = Release|x64
	EndGlobalSection
	GlobalSection(ProjectConfigurationPlatforms) = postSolution
		{C7305107-EF32-4351-9595-C13069E922D7}.Debug|Any CPU.ActiveCfg = Debug|Any CPU
		{C7305107-EF32-4351-9595-C13069E922D7}.Debug|Any CPU.Build.0 = Debug|Any CPU
		{C7305107-EF32-4351-9595-C13069E922D7}.Debug|x64.ActiveCfg = Debug|x64
		{C7305107-EF32-4351-9595-C13069E922D7}.Debug|x64.Build.0 = Debug|x64
		{C7305107-EF32-4351-9595-C13069E922D7}.Release|Any CPU.ActiveCfg = Release|Any CPU
		{C7305107-EF32-4351-9595-C13069E922D7}.Release|Any CPU.Build.0 = Release|Any CPU
		{C7305107-EF32-4351-9595-C13069E922D7}.Release|x64.ActiveCfg = Release|x64
		{C7305107-EF32-4351-9595-C13069E922D7}.Release|x64.Build.0 = Release|x64
		{FD8B1284-63BB-472E-9EAD-2A42D973F6D8}.Debug|Any CPU.ActiveCfg = Debug|Any CPU
		{FD8B1284-63BB-472E-9EAD-2A42D973F6D8}.Debug|Any CPU.Build.0 = Debug|Any CPU
		{FD8B1284-63BB-472E-9EAD-2A42D973F6D8}.Debug|x64.ActiveCfg = Debug|Any CPU
		{FD8B1284-63BB-472E-9EAD-2A42D973F6D8}.Debug|x64.Build.0 = Debug|Any CPU
		{FD8B1284-63BB-472E-9EAD-2A42D973F6D8}.Release|Any CPU.ActiveCfg = Release|Any CPU
		{FD8B1284-63BB-472E-9EAD-2A42D973F6D8}.Release|Any CPU.Build.0 = Release|Any CPU
		{FD8B1284-63BB-472E-9EAD-2A42D973F6D8}.Release|x64.ActiveCfg = Release|Any CPU
		{FD8B1284-63BB-472E-9EAD-2A42D973F6D8}.Release|x64.Build.0 = Release|Any CPU
		{A820BB38-05FF-4275-8FF4-2A1DC643A3EA}.Debug|Any CPU.ActiveCfg = Debug|Any CPU
		{A820BB38-05FF-4275-8FF4-2A1DC643A3EA}.Debug|Any CPU.Build.0 = Debug|Any CPU
		{A820BB38-05FF-4275-8FF4-2A1DC643A3EA}.Debug|x64.ActiveCfg = Debug|Any CPU
		{A820BB38-05FF-4275-8FF4-2A1DC643A3EA}.Debug|x64.Build.0 = Debug|Any CPU
		{A820BB38-05FF-4275-8FF4-2A1DC643A3EA}.Release|Any CPU.ActiveCfg = Release|Any CPU
		{A820BB38-05FF-4275-8FF4-2A1DC643A3EA}.Release|Any CPU.Build.0 = Release|Any CPU
		{A820BB38-05FF-4275-8FF4-2A1DC643A3EA}.Release|x64.ActiveCfg = Release|Any CPU
		{A820BB38-05FF-4275-8FF4-2A1DC643A3EA}.Release|x64.Build.0 = Release|Any CPU
		{14D6E0FC-E0EE-40AA-82A5-585D126AF360}.Debug|Any CPU.ActiveCfg = Debug|Any CPU
		{14D6E0FC-E0EE-40AA-82A5-585D126AF360}.Debug|Any CPU.Build.0 = Debug|Any CPU
		{14D6E0FC-E0EE-40AA-82A5-585D126AF360}.Debug|x64.ActiveCfg = Debug|Any CPU
		{14D6E0FC-E0EE-40AA-82A5-585D126AF360}.Debug|x64.Build.0 = Debug|Any CPU
		{14D6E0FC-E0EE-40AA-82A5-585D126AF360}.Release|Any CPU.ActiveCfg = Release|Any CPU
		{14D6E0FC-E0EE-40AA-82A5-585D126AF360}.Release|Any CPU.Build.0 = Release|Any CPU
		{14D6E0FC-E0EE-40AA-82A5-585D126AF360}.Release|x64.ActiveCfg = Release|Any CPU
		{14D6E0FC-E0EE-40AA-82A5-585D126AF360}.Release|x64.Build.0 = Release|Any CPU
	EndGlobalSection
	GlobalSection(SolutionProperties) = preSolution
		HideSolutionNode = FALSE
	EndGlobalSection
	GlobalSection(ExtensibilityGlobals) = postSolution
		SolutionGuid = {8021EB61-4D62-431D-AC64-87166A138C0F}
	EndGlobalSection
EndGlobal
