
Microsoft Visual Studio Solution File, Format Version 12.00
# Visual Studio Version 17
VisualStudioVersion = 17.6.33829.357
MinimumVisualStudioVersion = 10.0.40219.1
Project("{FAE04EC0-301F-11D3-BF4B-00C04F79EFBC}") = "HW_TEST", "HW_TEST\HW_TEST.csproj", "{708DA843-180A-4E02-A736-730E5C20B3BF}"
EndProject
Global
	GlobalSection(SolutionConfigurationPlatforms) = preSolution
		Debug|Any CPU = Debug|Any CPU
		Release|Any CPU = Release|Any CPU
	EndGlobalSection
	GlobalSection(ProjectConfigurationPlatforms) = postSolution
		{708DA843-180A-4E02-A736-730E5C20B3BF}.Debug|Any CPU.ActiveCfg = Debug|Any CPU
		{708DA843-180A-4E02-A736-730E5C20B3BF}.Debug|Any CPU.Build.0 = Debug|Any CPU
		{708DA843-180A-4E02-A736-730E5C20B3BF}.Release|Any CPU.ActiveCfg = Release|Any CPU
		{708DA843-180A-4E02-A736-730E5C20B3BF}.Release|Any CPU.Build.0 = Release|Any CPU
	EndGlobalSection
	GlobalSection(SolutionProperties) = preSolution
		HideSolutionNode = FALSE
	EndGlobalSection
	GlobalSection(ExtensibilityGlobals) = postSolution
		SolutionGuid = {57A0A80A-C9B9-477B-A20A-2BEF331F2F8F}
	EndGlobalSection
EndGlobal
